<?xml version="1.0" encoding="utf-8"?>
<Project ToolsVersion="4.0" xmlns="http://schemas.microsoft.com/developer/msbuild/2003">
  <ItemGroup>
    <Filter Include="소스 파일">
      <UniqueIdentifier>{4FC737F1-C7A5-4376-A066-2A32D752A2FF}</UniqueIdentifier>
      <Extensions>cpp;c;cc;cxx;def;odl;idl;hpj;bat;asm;asmx</Extensions>
    </Filter>
    <Filter Include="헤더 파일">
      <UniqueIdentifier>{93995380-89BD-4b04-88EB-625FBE52EBFB}</UniqueIdentifier>
      <Extensions>h;hh;hpp;hxx;hm;inl;inc;ipp;xsd</Extensions>
    </Filter>
    <Filter Include="리소스 파일">
      <UniqueIdentifier>{67DA6AB6-F800-4c08-8B7A-83BB121AAD01}</UniqueIdentifier>
      <Extensions>rc;ico;cur;bmp;dlg;rc2;rct;bin;rgs;gif;jpg;jpeg;jpe;resx;tiff;tif;png;wav;mfcribbon-ms</Extensions>
    </Filter>
  </ItemGroup>
  <ItemGroup>
    <ClCompile Include="타일 채우기.cpp">
      <Filter>소스 파일</Filter>
    </ClCompile>
    <ClCompile Include="최단경로.cpp">
      <Filter>소스 파일</Filter>
    </ClCompile>
    <ClCompile Include="루빅의 사각형.cpp">
      <Filter>소스 파일</Filter>
    </ClCompile>
    <ClCompile Include="연구실배치시뮬레이션( main).cpp">
      <Filter>소스 파일</Filter>
    </ClCompile>
    <ClCompile Include="연구실배치시뮬레이션( user(.cpp">
      <Filter>소스 파일</Filter>
    </ClCompile>
    <ClCompile Include="블록체인장부거래(main).cpp">
      <Filter>소스 파일</Filter>
    </ClCompile>
    <ClCompile Include="블록체인장부거래(user).cpp">
      <Filter>소스 파일</Filter>
    </ClCompile>
    <ClCompile Include="중앙값.cpp">
      <Filter>소스 파일</Filter>
    </ClCompile>
    <ClCompile Include="자전거여행.cpp">
      <Filter>소스 파일</Filter>
    </ClCompile>
    <ClCompile Include="PC방 관리프로그램(user).cpp">
      <Filter>소스 파일</Filter>
    </ClCompile>
    <ClCompile Include="PC방 관리프로그램(main).cpp">
      <Filter>소스 파일</Filter>
    </ClCompile>
    <ClCompile Include="회원 참여도 분석(main).cpp">
      <Filter>소스 파일</Filter>
    </ClCompile>
    <ClCompile Include="회원 참여도 분석(user).cpp">
      <Filter>소스 파일</Filter>
    </ClCompile>
    <ClCompile Include="족보만들기(main).cpp">
      <Filter>소스 파일</Filter>
    </ClCompile>
    <ClCompile Include="족보만들기(user).cpp">
      <Filter>소스 파일</Filter>
    </ClCompile>
    <ClCompile Include="설문조사(main).cpp">
      <Filter>소스 파일</Filter>
    </ClCompile>
    <ClCompile Include="설문조사(user).cpp">
      <Filter>소스 파일</Filter>
    </ClCompile>
    <ClCompile Include="이진암호문서%28main%29.cpp">
      <Filter>소스 파일</Filter>
    </ClCompile>
    <ClCompile Include="이진암호문서(user).cpp">
      <Filter>소스 파일</Filter>
    </ClCompile>
    <ClCompile Include="파티일정관리1.cpp">
      <Filter>소스 파일</Filter>
    </ClCompile>
    <ClCompile Include="파티일정관리2.cpp">
      <Filter>소스 파일</Filter>
    </ClCompile>
    <ClCompile Include="퍼즐조각맞추기2.cpp">
      <Filter>소스 파일</Filter>
    </ClCompile>
    <ClCompile Include="카드섹션.cpp">
      <Filter>소스 파일</Filter>
    </ClCompile>
    <ClCompile Include="꿀벌의여행(user).cpp">
      <Filter>소스 파일</Filter>
    </ClCompile>
    <ClCompile Include="꿀벌의여행(main).cpp">
      <Filter>소스 파일</Filter>
    </ClCompile>
    <ClCompile Include="회원참여도분석2%282user%29.cpp">
      <Filter>소스 파일</Filter>
    </ClCompile>
    <ClCompile Include="파티일정관리3.cpp">
      <Filter>소스 파일</Filter>
    </ClCompile>
    <ClCompile Include="긴자릿수덧셈뺄셈.cpp">
      <Filter>소스 파일</Filter>
    </ClCompile>
    <ClCompile Include="긴자릿수곱셈.cpp">
      <Filter>소스 파일</Filter>
    </ClCompile>
    <ClCompile Include="긴자릿수나눗셈.cpp">
      <Filter>소스 파일</Filter>
    </ClCompile>
    <ClCompile Include="계산기2.cpp">
      <Filter>소스 파일</Filter>
    </ClCompile>
    <ClCompile Include="n제곱곱셈%28main%29.cpp">
      <Filter>소스 파일</Filter>
    </ClCompile>
    <ClCompile Include="n제곱곱셈(user).cpp">
      <Filter>소스 파일</Filter>
    </ClCompile>
    <ClCompile Include="n제곱곱셈2.cpp">
      <Filter>소스 파일</Filter>
    </ClCompile>
    <ClCompile Include="표절검사%282%29%28main%29.cpp">
      <Filter>소스 파일</Filter>
    </ClCompile>
    <ClCompile Include="표절검사%282%29%28user%29.cpp">
      <Filter>소스 파일</Filter>
    </ClCompile>
    <ClCompile Include="셀리(main).cpp">
      <Filter>소스 파일</Filter>
    </ClCompile>
    <ClCompile Include="셀리%28user%29.cpp">
      <Filter>소스 파일</Filter>
    </ClCompile>
  </ItemGroup>
  <ItemGroup>
    <Text Include="in.txt">
      <Filter>소스 파일</Filter>
    </Text>
  </ItemGroup>
</Project>